
Microsoft Visual Studio Solution File, Format Version 12.00
# Visual Studio Version 16
VisualStudioVersion = 16.0.28922.388
MinimumVisualStudioVersion = 10.0.40219.1
Project("{9A19103F-16F7-4668-BE54-9A1E7A4F7556}") = "Thesaurus", "Thesaurus\Thesaurus.csproj", "{C015FF7E-4FDB-4754-8997-2B38DD1A3673}"
EndProject
Project("{9A19103F-16F7-4668-BE54-9A1E7A4F7556}") = "Thesaurus.Test", "Thesaurus.Test\Thesaurus.Test.csproj", "{5E986ADF-D7FC-4586-9656-B5162FF72EC9}"
EndProject
Project("{FAE04EC0-301F-11D3-BF4B-00C04F79EFBC}") = "ThesaurusRunner", "ThesaurusRunner\ThesaurusRunner.csproj", "{9800B80E-36CC-4B6B-B070-428E88A0F046}"
EndProject
Global
	GlobalSection(SolutionConfigurationPlatforms) = preSolution
		Debug|Any CPU = Debug|Any CPU
		Release|Any CPU = Release|Any CPU
	EndGlobalSection
	GlobalSection(ProjectConfigurationPlatforms) = postSolution
		{C015FF7E-4FDB-4754-8997-2B38DD1A3673}.Debug|Any CPU.ActiveCfg = Debug|Any CPU
		{C015FF7E-4FDB-4754-8997-2B38DD1A3673}.Debug|Any CPU.Build.0 = Debug|Any CPU
		{C015FF7E-4FDB-4754-8997-2B38DD1A3673}.Release|Any CPU.ActiveCfg = Release|Any CPU
		{C015FF7E-4FDB-4754-8997-2B38DD1A3673}.Release|Any CPU.Build.0 = Release|Any CPU
		{5E986ADF-D7FC-4586-9656-B5162FF72EC9}.Debug|Any CPU.ActiveCfg = Debug|Any CPU
		{5E986ADF-D7FC-4586-9656-B5162FF72EC9}.Debug|Any CPU.Build.0 = Debug|Any CPU
		{5E986ADF-D7FC-4586-9656-B5162FF72EC9}.Release|Any CPU.ActiveCfg = Release|Any CPU
		{5E986ADF-D7FC-4586-9656-B5162FF72EC9}.Release|Any CPU.Build.0 = Release|Any CPU
		{9800B80E-36CC-4B6B-B070-428E88A0F046}.Debug|Any CPU.ActiveCfg = Debug|Any CPU
		{9800B80E-36CC-4B6B-B070-428E88A0F046}.Debug|Any CPU.Build.0 = Debug|Any CPU
		{9800B80E-36CC-4B6B-B070-428E88A0F046}.Release|Any CPU.ActiveCfg = Release|Any CPU
		{9800B80E-36CC-4B6B-B070-428E88A0F046}.Release|Any CPU.Build.0 = Release|Any CPU
	EndGlobalSection
	GlobalSection(SolutionProperties) = preSolution
		HideSolutionNode = FALSE
	EndGlobalSection
	GlobalSection(ExtensibilityGlobals) = postSolution
		SolutionGuid = {F9F4F81A-4C43-4469-8DA5-FBC06B427EB0}
	EndGlobalSection
EndGlobal
